
Microsoft Visual Studio Solution File, Format Version 12.00
# Visual Studio Version 17
VisualStudioVersion = 17.0.31903.59
MinimumVisualStudioVersion = 10.0.40219.1
Project("{2150E333-8FDC-42A3-9474-1A3956D46DE8}") = "src", "src", "{827E0CD3-B72D-47B6-A68D-7590B98EB39B}"
EndProject
Project("{FAE04EC0-301F-11D3-BF4B-00C04F79EFBC}") = "HMS.API", "src\HMS.API\HMS.API.csproj", "{A4CCB4EB-D272-4508-BC19-B2284C645C62}"
EndProject
Project("{FAE04EC0-301F-11D3-BF4B-00C04F79EFBC}") = "HMS.Application", "src\HMS.Application\HMS.Application.csproj", "{221182C8-C89A-4507-A20E-F8326999BB4D}"
EndProject
Project("{FAE04EC0-301F-11D3-BF4B-00C04F79EFBC}") = "HMS.Domain", "src\HMS.Domain\HMS.Domain.csproj", "{15CDD918-FFCB-4794-887F-E76942CF33CC}"
EndProject
Project("{FAE04EC0-301F-11D3-BF4B-00C04F79EFBC}") = "HMS.Infrastructure", "src\HMS.Infrastructure\HMS.Infrastructure.csproj", "{0274C997-7A6F-4E0C-87F2-F1E2CE235B51}"
EndProject
Project("{FAE04EC0-301F-11D3-BF4B-00C04F79EFBC}") = "HMS.Shared", "src\HMS.Shared\HMS.Shared.csproj", "{2B4AD5C9-5428-4D27-8D52-7DDA5953FE13}"
EndProject
Project("{2150E333-8FDC-42A3-9474-1A3956D46DE8}") = "tests", "tests", "{0AB3BF05-4346-4AA6-1389-037BE0695223}"
EndProject
Project("{FAE04EC0-301F-11D3-BF4B-00C04F79EFBC}") = "HMS.UnitTests", "tests\HMS.UnitTests\HMS.UnitTests.csproj", "{4495B002-BD63-402B-AD90-0A43C67CA0FE}"
EndProject
Project("{FAE04EC0-301F-11D3-BF4B-00C04F79EFBC}") = "HMS.IntegrationTests", "tests\HMS.IntegrationTests\HMS.IntegrationTests.csproj", "{C27BDFC8-6957-4BAD-AF56-8673F2CACE2F}"
EndProject
Project("{2150E333-8FDC-42A3-9474-1A3956D46DE8}") = "SharedKernel", "SharedKernel", "{85F909CB-8F14-ECC8-BA9D-713D1771907F}"
EndProject
Project("{FAE04EC0-301F-11D3-BF4B-00C04F79EFBC}") = "HMS.SharedKernel.Domain", "src\SharedKernel\HMS.SharedKernel.Domain\HMS.SharedKernel.Domain.csproj", "{E9B17B0A-16AF-446C-8CC7-031E508E16B7}"
EndProject
Project("{FAE04EC0-301F-11D3-BF4B-00C04F79EFBC}") = "HMS.SharedKernel.Application", "src\SharedKernel\HMS.SharedKernel.Application\HMS.SharedKernel.Application.csproj", "{5BF29461-A20F-458B-80F7-29CC22646473}"
EndProject
Project("{FAE04EC0-301F-11D3-BF4B-00C04F79EFBC}") = "HMS.SharedKernel.Infrastructure", "src\SharedKernel\HMS.SharedKernel.Infrastructure\HMS.SharedKernel.Infrastructure.csproj", "{EBCF8AD7-6142-4B3C-BB7D-005C35D2E354}"
EndProject
Project("{2150E333-8FDC-42A3-9474-1A3956D46DE8}") = "Modules", "Modules", "{EC447DCF-ABFA-6E24-52A5-D7FD48A5C558}"
EndProject
Project("{2150E333-8FDC-42A3-9474-1A3956D46DE8}") = "Identity", "Identity", "{0EC62A1A-9858-3A60-8A0C-FC9AACFA2EC7}"
EndProject
Project("{FAE04EC0-301F-11D3-BF4B-00C04F79EFBC}") = "HMS.Identity.Domain", "src\Modules\Identity\HMS.Identity.Domain\HMS.Identity.Domain.csproj", "{88E24ACE-D9DE-4B70-949D-3D06FB7EF577}"
EndProject
Project("{FAE04EC0-301F-11D3-BF4B-00C04F79EFBC}") = "HMS.Identity.Application", "src\Modules\Identity\HMS.Identity.Application\HMS.Identity.Application.csproj", "{A0ED9A37-4DD5-4D8A-BBC0-0AACD86B17AE}"
EndProject
Project("{FAE04EC0-301F-11D3-BF4B-00C04F79EFBC}") = "HMS.Identity.Infrastructure", "src\Modules\Identity\HMS.Identity.Infrastructure\HMS.Identity.Infrastructure.csproj", "{00FEAB65-494C-4824-A866-B4EEAD255EA7}"
EndProject
Project("{FAE04EC0-301F-11D3-BF4B-00C04F79EFBC}") = "HMS.Identity.API", "src\Modules\Identity\HMS.Identity.API\HMS.Identity.API.csproj", "{888D81BA-FD97-48A3-908E-8EB321A4EB03}"
EndProject
Project("{2150E333-8FDC-42A3-9474-1A3956D46DE8}") = "Patients", "Patients", "{397E7A55-D285-C515-153E-84DDD2B9FF92}"
EndProject
Project("{FAE04EC0-301F-11D3-BF4B-00C04F79EFBC}") = "HMS.Patients.Domain", "src\Modules\Patients\HMS.Patients.Domain\HMS.Patients.Domain.csproj", "{8D85A971-98F3-46A3-9051-68745367E477}"
EndProject
Project("{FAE04EC0-301F-11D3-BF4B-00C04F79EFBC}") = "HMS.Patients.Application", "src\Modules\Patients\HMS.Patients.Application\HMS.Patients.Application.csproj", "{DF3E2C07-DE81-4CEE-9BC8-A8035DC903C3}"
EndProject
Project("{FAE04EC0-301F-11D3-BF4B-00C04F79EFBC}") = "HMS.Patients.Infrastructure", "src\Modules\Patients\HMS.Patients.Infrastructure\HMS.Patients.Infrastructure.csproj", "{588E6C02-431D-4770-B085-CF51D44BB444}"
EndProject
Project("{FAE04EC0-301F-11D3-BF4B-00C04F79EFBC}") = "HMS.Patients.API", "src\Modules\Patients\HMS.Patients.API\HMS.Patients.API.csproj", "{08F142FA-C74D-45F7-9414-3BB3A1FF2912}"
EndProject
Project("{2150E333-8FDC-42A3-9474-1A3956D46DE8}") = "Rooms", "Rooms", "{A5D54538-AA61-9A81-6E57-F96366FFCD0F}"
EndProject
Project("{FAE04EC0-301F-11D3-BF4B-00C04F79EFBC}") = "HMS.Rooms.Domain", "src\Modules\Rooms\HMS.Rooms.Domain\HMS.Rooms.Domain.csproj", "{8BD84BAB-B548-4F57-B3FB-C13D22D6A294}"
EndProject
Project("{FAE04EC0-301F-11D3-BF4B-00C04F79EFBC}") = "HMS.Rooms.Application", "src\Modules\Rooms\HMS.Rooms.Application\HMS.Rooms.Application.csproj", "{D553FBA8-95CF-4458-A2AC-938DD7696CC1}"
EndProject
Project("{FAE04EC0-301F-11D3-BF4B-00C04F79EFBC}") = "HMS.Rooms.Infrastructure", "src\Modules\Rooms\HMS.Rooms.Infrastructure\HMS.Rooms.Infrastructure.csproj", "{D180EA6D-6025-43EE-8F70-B966D31A95A2}"
EndProject
Project("{FAE04EC0-301F-11D3-BF4B-00C04F79EFBC}") = "HMS.Rooms.API", "src\Modules\Rooms\HMS.Rooms.API\HMS.Rooms.API.csproj", "{C67CC3C5-FE01-4A00-A234-561F59355328}"
EndProject
Project("{2150E333-8FDC-42A3-9474-1A3956D46DE8}") = "Intake", "Intake", "{6ED9ECEC-DB4A-1AA3-64AA-7652F389603F}"
EndProject
Project("{FAE04EC0-301F-11D3-BF4B-00C04F79EFBC}") = "HMS.Intake.Domain", "src\Modules\Intake\HMS.Intake.Domain\HMS.Intake.Domain.csproj", "{C662EE45-9E82-4BBF-93A8-F67F297A9D23}"
EndProject
Project("{FAE04EC0-301F-11D3-BF4B-00C04F79EFBC}") = "HMS.Intake.Application", "src\Modules\Intake\HMS.Intake.Application\HMS.Intake.Application.csproj", "{A16C456B-10CF-40F7-A847-949D20B1CCE6}"
EndProject
Project("{FAE04EC0-301F-11D3-BF4B-00C04F79EFBC}") = "HMS.Intake.Infrastructure", "src\Modules\Intake\HMS.Intake.Infrastructure\HMS.Intake.Infrastructure.csproj", "{5E382B87-F515-465A-ACB9-73F34E2C976E}"
EndProject
Project("{FAE04EC0-301F-11D3-BF4B-00C04F79EFBC}") = "HMS.Intake.API", "src\Modules\Intake\HMS.Intake.API\HMS.Intake.API.csproj", "{61929C95-C6A6-459F-8598-3758105E3A3D}"
EndProject
Project("{2150E333-8FDC-42A3-9474-1A3956D46DE8}") = "Visits", "Visits", "{470E524C-D01F-0C6A-C058-C7A928392357}"
EndProject
Project("{FAE04EC0-301F-11D3-BF4B-00C04F79EFBC}") = "HMS.Visits.Domain", "src\Modules\Visits\HMS.Visits.Domain\HMS.Visits.Domain.csproj", "{7AE973AD-F56A-4F02-A269-4C0C7D1CC39A}"
EndProject
Project("{FAE04EC0-301F-11D3-BF4B-00C04F79EFBC}") = "HMS.Visits.Application", "src\Modules\Visits\HMS.Visits.Application\HMS.Visits.Application.csproj", "{7AE6E4D4-720C-4499-9310-5FEB2BE26AFD}"
EndProject
Project("{FAE04EC0-301F-11D3-BF4B-00C04F79EFBC}") = "HMS.Visits.Infrastructure", "src\Modules\Visits\HMS.Visits.Infrastructure\HMS.Visits.Infrastructure.csproj", "{F5EF20E7-303C-49CC-AA1A-3336ADC6AB8A}"
EndProject
Project("{FAE04EC0-301F-11D3-BF4B-00C04F79EFBC}") = "HMS.Visits.API", "src\Modules\Visits\HMS.Visits.API\HMS.Visits.API.csproj", "{DEA17958-8D21-4D3C-9BC8-6F559166A5CB}"
EndProject
Project("{2150E333-8FDC-42A3-9474-1A3956D46DE8}") = "Notifications", "Notifications", "{DE9DAF8A-E684-0FD3-FFDC-40D3E3158533}"
EndProject
Project("{FAE04EC0-301F-11D3-BF4B-00C04F79EFBC}") = "HMS.Notifications.Domain", "src\Modules\Notifications\HMS.Notifications.Domain\HMS.Notifications.Domain.csproj", "{8D06E1B7-6B7B-485B-90F3-F2977A636CDD}"
EndProject
Project("{FAE04EC0-301F-11D3-BF4B-00C04F79EFBC}") = "HMS.Notifications.Application", "src\Modules\Notifications\HMS.Notifications.Application\HMS.Notifications.Application.csproj", "{FE337A5F-C22C-43A6-9BEB-6A7209C2A153}"
EndProject
Project("{FAE04EC0-301F-11D3-BF4B-00C04F79EFBC}") = "HMS.Notifications.Infrastructure", "src\Modules\Notifications\HMS.Notifications.Infrastructure\HMS.Notifications.Infrastructure.csproj", "{A292DE8A-CAD8-42D3-B8F0-2E61D115ED20}"
EndProject
Project("{FAE04EC0-301F-11D3-BF4B-00C04F79EFBC}") = "HMS.Persistence", "src\HMS.Persistence\HMS.Persistence.csproj", "{D6248509-57C4-4BB0-98A0-75D4200E2F83}"
EndProject
Global
	GlobalSection(SolutionConfigurationPlatforms) = preSolution
		Debug|Any CPU = Debug|Any CPU
		Debug|x64 = Debug|x64
		Debug|x86 = Debug|x86
		Release|Any CPU = Release|Any CPU
		Release|x64 = Release|x64
		Release|x86 = Release|x86
	EndGlobalSection
	GlobalSection(ProjectConfigurationPlatforms) = postSolution
		{A4CCB4EB-D272-4508-BC19-B2284C645C62}.Debug|Any CPU.ActiveCfg = Debug|Any CPU
		{A4CCB4EB-D272-4508-BC19-B2284C645C62}.Debug|Any CPU.Build.0 = Debug|Any CPU
		{A4CCB4EB-D272-4508-BC19-B2284C645C62}.Debug|x64.ActiveCfg = Debug|Any CPU
		{A4CCB4EB-D272-4508-BC19-B2284C645C62}.Debug|x64.Build.0 = Debug|Any CPU
		{A4CCB4EB-D272-4508-BC19-B2284C645C62}.Debug|x86.ActiveCfg = Debug|Any CPU
		{A4CCB4EB-D272-4508-BC19-B2284C645C62}.Debug|x86.Build.0 = Debug|Any CPU
		{A4CCB4EB-D272-4508-BC19-B2284C645C62}.Release|Any CPU.ActiveCfg = Release|Any CPU
		{A4CCB4EB-D272-4508-BC19-B2284C645C62}.Release|Any CPU.Build.0 = Release|Any CPU
		{A4CCB4EB-D272-4508-BC19-B2284C645C62}.Release|x64.ActiveCfg = Release|Any CPU
		{A4CCB4EB-D272-4508-BC19-B2284C645C62}.Release|x64.Build.0 = Release|Any CPU
		{A4CCB4EB-D272-4508-BC19-B2284C645C62}.Release|x86.ActiveCfg = Release|Any CPU
		{A4CCB4EB-D272-4508-BC19-B2284C645C62}.Release|x86.Build.0 = Release|Any CPU
		{221182C8-C89A-4507-A20E-F8326999BB4D}.Debug|Any CPU.ActiveCfg = Debug|Any CPU
		{221182C8-C89A-4507-A20E-F8326999BB4D}.Debug|Any CPU.Build.0 = Debug|Any CPU
		{221182C8-C89A-4507-A20E-F8326999BB4D}.Debug|x64.ActiveCfg = Debug|Any CPU
		{221182C8-C89A-4507-A20E-F8326999BB4D}.Debug|x64.Build.0 = Debug|Any CPU
		{221182C8-C89A-4507-A20E-F8326999BB4D}.Debug|x86.ActiveCfg = Debug|Any CPU
		{221182C8-C89A-4507-A20E-F8326999BB4D}.Debug|x86.Build.0 = Debug|Any CPU
		{221182C8-C89A-4507-A20E-F8326999BB4D}.Release|Any CPU.ActiveCfg = Release|Any CPU
		{221182C8-C89A-4507-A20E-F8326999BB4D}.Release|Any CPU.Build.0 = Release|Any CPU
		{221182C8-C89A-4507-A20E-F8326999BB4D}.Release|x64.ActiveCfg = Release|Any CPU
		{221182C8-C89A-4507-A20E-F8326999BB4D}.Release|x64.Build.0 = Release|Any CPU
		{221182C8-C89A-4507-A20E-F8326999BB4D}.Release|x86.ActiveCfg = Release|Any CPU
		{221182C8-C89A-4507-A20E-F8326999BB4D}.Release|x86.Build.0 = Release|Any CPU
		{15CDD918-FFCB-4794-887F-E76942CF33CC}.Debug|Any CPU.ActiveCfg = Debug|Any CPU
		{15CDD918-FFCB-4794-887F-E76942CF33CC}.Debug|Any CPU.Build.0 = Debug|Any CPU
		{15CDD918-FFCB-4794-887F-E76942CF33CC}.Debug|x64.ActiveCfg = Debug|Any CPU
		{15CDD918-FFCB-4794-887F-E76942CF33CC}.Debug|x64.Build.0 = Debug|Any CPU
		{15CDD918-FFCB-4794-887F-E76942CF33CC}.Debug|x86.ActiveCfg = Debug|Any CPU
		{15CDD918-FFCB-4794-887F-E76942CF33CC}.Debug|x86.Build.0 = Debug|Any CPU
		{15CDD918-FFCB-4794-887F-E76942CF33CC}.Release|Any CPU.ActiveCfg = Release|Any CPU
		{15CDD918-FFCB-4794-887F-E76942CF33CC}.Release|Any CPU.Build.0 = Release|Any CPU
		{15CDD918-FFCB-4794-887F-E76942CF33CC}.Release|x64.ActiveCfg = Release|Any CPU
		{15CDD918-FFCB-4794-887F-E76942CF33CC}.Release|x64.Build.0 = Release|Any CPU
		{15CDD918-FFCB-4794-887F-E76942CF33CC}.Release|x86.ActiveCfg = Release|Any CPU
		{15CDD918-FFCB-4794-887F-E76942CF33CC}.Release|x86.Build.0 = Release|Any CPU
		{0274C997-7A6F-4E0C-87F2-F1E2CE235B51}.Debug|Any CPU.ActiveCfg = Debug|Any CPU
		{0274C997-7A6F-4E0C-87F2-F1E2CE235B51}.Debug|Any CPU.Build.0 = Debug|Any CPU
		{0274C997-7A6F-4E0C-87F2-F1E2CE235B51}.Debug|x64.ActiveCfg = Debug|Any CPU
		{0274C997-7A6F-4E0C-87F2-F1E2CE235B51}.Debug|x64.Build.0 = Debug|Any CPU
		{0274C997-7A6F-4E0C-87F2-F1E2CE235B51}.Debug|x86.ActiveCfg = Debug|Any CPU
		{0274C997-7A6F-4E0C-87F2-F1E2CE235B51}.Debug|x86.Build.0 = Debug|Any CPU
		{0274C997-7A6F-4E0C-87F2-F1E2CE235B51}.Release|Any CPU.ActiveCfg = Release|Any CPU
		{0274C997-7A6F-4E0C-87F2-F1E2CE235B51}.Release|Any CPU.Build.0 = Release|Any CPU
		{0274C997-7A6F-4E0C-87F2-F1E2CE235B51}.Release|x64.ActiveCfg = Release|Any CPU
		{0274C997-7A6F-4E0C-87F2-F1E2CE235B51}.Release|x64.Build.0 = Release|Any CPU
		{0274C997-7A6F-4E0C-87F2-F1E2CE235B51}.Release|x86.ActiveCfg = Release|Any CPU
		{0274C997-7A6F-4E0C-87F2-F1E2CE235B51}.Release|x86.Build.0 = Release|Any CPU
		{2B4AD5C9-5428-4D27-8D52-7DDA5953FE13}.Debug|Any CPU.ActiveCfg = Debug|Any CPU
		{2B4AD5C9-5428-4D27-8D52-7DDA5953FE13}.Debug|Any CPU.Build.0 = Debug|Any CPU
		{2B4AD5C9-5428-4D27-8D52-7DDA5953FE13}.Debug|x64.ActiveCfg = Debug|Any CPU
		{2B4AD5C9-5428-4D27-8D52-7DDA5953FE13}.Debug|x64.Build.0 = Debug|Any CPU
		{2B4AD5C9-5428-4D27-8D52-7DDA5953FE13}.Debug|x86.ActiveCfg = Debug|Any CPU
		{2B4AD5C9-5428-4D27-8D52-7DDA5953FE13}.Debug|x86.Build.0 = Debug|Any CPU
		{2B4AD5C9-5428-4D27-8D52-7DDA5953FE13}.Release|Any CPU.ActiveCfg = Release|Any CPU
		{2B4AD5C9-5428-4D27-8D52-7DDA5953FE13}.Release|Any CPU.Build.0 = Release|Any CPU
		{2B4AD5C9-5428-4D27-8D52-7DDA5953FE13}.Release|x64.ActiveCfg = Release|Any CPU
		{2B4AD5C9-5428-4D27-8D52-7DDA5953FE13}.Release|x64.Build.0 = Release|Any CPU
		{2B4AD5C9-5428-4D27-8D52-7DDA5953FE13}.Release|x86.ActiveCfg = Release|Any CPU
		{2B4AD5C9-5428-4D27-8D52-7DDA5953FE13}.Release|x86.Build.0 = Release|Any CPU
		{4495B002-BD63-402B-AD90-0A43C67CA0FE}.Debug|Any CPU.ActiveCfg = Debug|Any CPU
		{4495B002-BD63-402B-AD90-0A43C67CA0FE}.Debug|Any CPU.Build.0 = Debug|Any CPU
		{4495B002-BD63-402B-AD90-0A43C67CA0FE}.Debug|x64.ActiveCfg = Debug|Any CPU
		{4495B002-BD63-402B-AD90-0A43C67CA0FE}.Debug|x64.Build.0 = Debug|Any CPU
		{4495B002-BD63-402B-AD90-0A43C67CA0FE}.Debug|x86.ActiveCfg = Debug|Any CPU
		{4495B002-BD63-402B-AD90-0A43C67CA0FE}.Debug|x86.Build.0 = Debug|Any CPU
		{4495B002-BD63-402B-AD90-0A43C67CA0FE}.Release|Any CPU.ActiveCfg = Release|Any CPU
		{4495B002-BD63-402B-AD90-0A43C67CA0FE}.Release|Any CPU.Build.0 = Release|Any CPU
		{4495B002-BD63-402B-AD90-0A43C67CA0FE}.Release|x64.ActiveCfg = Release|Any CPU
		{4495B002-BD63-402B-AD90-0A43C67CA0FE}.Release|x64.Build.0 = Release|Any CPU
		{4495B002-BD63-402B-AD90-0A43C67CA0FE}.Release|x86.ActiveCfg = Release|Any CPU
		{4495B002-BD63-402B-AD90-0A43C67CA0FE}.Release|x86.Build.0 = Release|Any CPU
		{C27BDFC8-6957-4BAD-AF56-8673F2CACE2F}.Debug|Any CPU.ActiveCfg = Debug|Any CPU
		{C27BDFC8-6957-4BAD-AF56-8673F2CACE2F}.Debug|Any CPU.Build.0 = Debug|Any CPU
		{C27BDFC8-6957-4BAD-AF56-8673F2CACE2F}.Debug|x64.ActiveCfg = Debug|Any CPU
		{C27BDFC8-6957-4BAD-AF56-8673F2CACE2F}.Debug|x64.Build.0 = Debug|Any CPU
		{C27BDFC8-6957-4BAD-AF56-8673F2CACE2F}.Debug|x86.ActiveCfg = Debug|Any CPU
		{C27BDFC8-6957-4BAD-AF56-8673F2CACE2F}.Debug|x86.Build.0 = Debug|Any CPU
		{C27BDFC8-6957-4BAD-AF56-8673F2CACE2F}.Release|Any CPU.ActiveCfg = Release|Any CPU
		{C27BDFC8-6957-4BAD-AF56-8673F2CACE2F}.Release|Any CPU.Build.0 = Release|Any CPU
		{C27BDFC8-6957-4BAD-AF56-8673F2CACE2F}.Release|x64.ActiveCfg = Release|Any CPU
		{C27BDFC8-6957-4BAD-AF56-8673F2CACE2F}.Release|x64.Build.0 = Release|Any CPU
		{C27BDFC8-6957-4BAD-AF56-8673F2CACE2F}.Release|x86.ActiveCfg = Release|Any CPU
		{C27BDFC8-6957-4BAD-AF56-8673F2CACE2F}.Release|x86.Build.0 = Release|Any CPU
		{E9B17B0A-16AF-446C-8CC7-031E508E16B7}.Debug|Any CPU.ActiveCfg = Debug|Any CPU
		{E9B17B0A-16AF-446C-8CC7-031E508E16B7}.Debug|Any CPU.Build.0 = Debug|Any CPU
		{E9B17B0A-16AF-446C-8CC7-031E508E16B7}.Debug|x64.ActiveCfg = Debug|Any CPU
		{E9B17B0A-16AF-446C-8CC7-031E508E16B7}.Debug|x64.Build.0 = Debug|Any CPU
		{E9B17B0A-16AF-446C-8CC7-031E508E16B7}.Debug|x86.ActiveCfg = Debug|Any CPU
		{E9B17B0A-16AF-446C-8CC7-031E508E16B7}.Debug|x86.Build.0 = Debug|Any CPU
		{E9B17B0A-16AF-446C-8CC7-031E508E16B7}.Release|Any CPU.ActiveCfg = Release|Any CPU
		{E9B17B0A-16AF-446C-8CC7-031E508E16B7}.Release|Any CPU.Build.0 = Release|Any CPU
		{E9B17B0A-16AF-446C-8CC7-031E508E16B7}.Release|x64.ActiveCfg = Release|Any CPU
		{E9B17B0A-16AF-446C-8CC7-031E508E16B7}.Release|x64.Build.0 = Release|Any CPU
		{E9B17B0A-16AF-446C-8CC7-031E508E16B7}.Release|x86.ActiveCfg = Release|Any CPU
		{E9B17B0A-16AF-446C-8CC7-031E508E16B7}.Release|x86.Build.0 = Release|Any CPU
		{5BF29461-A20F-458B-80F7-29CC22646473}.Debug|Any CPU.ActiveCfg = Debug|Any CPU
		{5BF29461-A20F-458B-80F7-29CC22646473}.Debug|Any CPU.Build.0 = Debug|Any CPU
		{5BF29461-A20F-458B-80F7-29CC22646473}.Debug|x64.ActiveCfg = Debug|Any CPU
		{5BF29461-A20F-458B-80F7-29CC22646473}.Debug|x64.Build.0 = Debug|Any CPU
		{5BF29461-A20F-458B-80F7-29CC22646473}.Debug|x86.ActiveCfg = Debug|Any CPU
		{5BF29461-A20F-458B-80F7-29CC22646473}.Debug|x86.Build.0 = Debug|Any CPU
		{5BF29461-A20F-458B-80F7-29CC22646473}.Release|Any CPU.ActiveCfg = Release|Any CPU
		{5BF29461-A20F-458B-80F7-29CC22646473}.Release|Any CPU.Build.0 = Release|Any CPU
		{5BF29461-A20F-458B-80F7-29CC22646473}.Release|x64.ActiveCfg = Release|Any CPU
		{5BF29461-A20F-458B-80F7-29CC22646473}.Release|x64.Build.0 = Release|Any CPU
		{5BF29461-A20F-458B-80F7-29CC22646473}.Release|x86.ActiveCfg = Release|Any CPU
		{5BF29461-A20F-458B-80F7-29CC22646473}.Release|x86.Build.0 = Release|Any CPU
		{EBCF8AD7-6142-4B3C-BB7D-005C35D2E354}.Debug|Any CPU.ActiveCfg = Debug|Any CPU
		{EBCF8AD7-6142-4B3C-BB7D-005C35D2E354}.Debug|Any CPU.Build.0 = Debug|Any CPU
		{EBCF8AD7-6142-4B3C-BB7D-005C35D2E354}.Debug|x64.ActiveCfg = Debug|Any CPU
		{EBCF8AD7-6142-4B3C-BB7D-005C35D2E354}.Debug|x64.Build.0 = Debug|Any CPU
		{EBCF8AD7-6142-4B3C-BB7D-005C35D2E354}.Debug|x86.ActiveCfg = Debug|Any CPU
		{EBCF8AD7-6142-4B3C-BB7D-005C35D2E354}.Debug|x86.Build.0 = Debug|Any CPU
		{EBCF8AD7-6142-4B3C-BB7D-005C35D2E354}.Release|Any CPU.ActiveCfg = Release|Any CPU
		{EBCF8AD7-6142-4B3C-BB7D-005C35D2E354}.Release|Any CPU.Build.0 = Release|Any CPU
		{EBCF8AD7-6142-4B3C-BB7D-005C35D2E354}.Release|x64.ActiveCfg = Release|Any CPU
		{EBCF8AD7-6142-4B3C-BB7D-005C35D2E354}.Release|x64.Build.0 = Release|Any CPU
		{EBCF8AD7-6142-4B3C-BB7D-005C35D2E354}.Release|x86.ActiveCfg = Release|Any CPU
		{EBCF8AD7-6142-4B3C-BB7D-005C35D2E354}.Release|x86.Build.0 = Release|Any CPU
		{88E24ACE-D9DE-4B70-949D-3D06FB7EF577}.Debug|Any CPU.ActiveCfg = Debug|Any CPU
		{88E24ACE-D9DE-4B70-949D-3D06FB7EF577}.Debug|Any CPU.Build.0 = Debug|Any CPU
		{88E24ACE-D9DE-4B70-949D-3D06FB7EF577}.Debug|x64.ActiveCfg = Debug|Any CPU
		{88E24ACE-D9DE-4B70-949D-3D06FB7EF577}.Debug|x64.Build.0 = Debug|Any CPU
		{88E24ACE-D9DE-4B70-949D-3D06FB7EF577}.Debug|x86.ActiveCfg = Debug|Any CPU
		{88E24ACE-D9DE-4B70-949D-3D06FB7EF577}.Debug|x86.Build.0 = Debug|Any CPU
		{88E24ACE-D9DE-4B70-949D-3D06FB7EF577}.Release|Any CPU.ActiveCfg = Release|Any CPU
		{88E24ACE-D9DE-4B70-949D-3D06FB7EF577}.Release|Any CPU.Build.0 = Release|Any CPU
		{88E24ACE-D9DE-4B70-949D-3D06FB7EF577}.Release|x64.ActiveCfg = Release|Any CPU
		{88E24ACE-D9DE-4B70-949D-3D06FB7EF577}.Release|x64.Build.0 = Release|Any CPU
		{88E24ACE-D9DE-4B70-949D-3D06FB7EF577}.Release|x86.ActiveCfg = Release|Any CPU
		{88E24ACE-D9DE-4B70-949D-3D06FB7EF577}.Release|x86.Build.0 = Release|Any CPU
		{A0ED9A37-4DD5-4D8A-BBC0-0AACD86B17AE}.Debug|Any CPU.ActiveCfg = Debug|Any CPU
		{A0ED9A37-4DD5-4D8A-BBC0-0AACD86B17AE}.Debug|Any CPU.Build.0 = Debug|Any CPU
		{A0ED9A37-4DD5-4D8A-BBC0-0AACD86B17AE}.Debug|x64.ActiveCfg = Debug|Any CPU
		{A0ED9A37-4DD5-4D8A-BBC0-0AACD86B17AE}.Debug|x64.Build.0 = Debug|Any CPU
		{A0ED9A37-4DD5-4D8A-BBC0-0AACD86B17AE}.Debug|x86.ActiveCfg = Debug|Any CPU
		{A0ED9A37-4DD5-4D8A-BBC0-0AACD86B17AE}.Debug|x86.Build.0 = Debug|Any CPU
		{A0ED9A37-4DD5-4D8A-BBC0-0AACD86B17AE}.Release|Any CPU.ActiveCfg = Release|Any CPU
		{A0ED9A37-4DD5-4D8A-BBC0-0AACD86B17AE}.Release|Any CPU.Build.0 = Release|Any CPU
		{A0ED9A37-4DD5-4D8A-BBC0-0AACD86B17AE}.Release|x64.ActiveCfg = Release|Any CPU
		{A0ED9A37-4DD5-4D8A-BBC0-0AACD86B17AE}.Release|x64.Build.0 = Release|Any CPU
		{A0ED9A37-4DD5-4D8A-BBC0-0AACD86B17AE}.Release|x86.ActiveCfg = Release|Any CPU
		{A0ED9A37-4DD5-4D8A-BBC0-0AACD86B17AE}.Release|x86.Build.0 = Release|Any CPU
		{00FEAB65-494C-4824-A866-B4EEAD255EA7}.Debug|Any CPU.ActiveCfg = Debug|Any CPU
		{00FEAB65-494C-4824-A866-B4EEAD255EA7}.Debug|Any CPU.Build.0 = Debug|Any CPU
		{00FEAB65-494C-4824-A866-B4EEAD255EA7}.Debug|x64.ActiveCfg = Debug|Any CPU
		{00FEAB65-494C-4824-A866-B4EEAD255EA7}.Debug|x64.Build.0 = Debug|Any CPU
		{00FEAB65-494C-4824-A866-B4EEAD255EA7}.Debug|x86.ActiveCfg = Debug|Any CPU
		{00FEAB65-494C-4824-A866-B4EEAD255EA7}.Debug|x86.Build.0 = Debug|Any CPU
		{00FEAB65-494C-4824-A866-B4EEAD255EA7}.Release|Any CPU.ActiveCfg = Release|Any CPU
		{00FEAB65-494C-4824-A866-B4EEAD255EA7}.Release|Any CPU.Build.0 = Release|Any CPU
		{00FEAB65-494C-4824-A866-B4EEAD255EA7}.Release|x64.ActiveCfg = Release|Any CPU
		{00FEAB65-494C-4824-A866-B4EEAD255EA7}.Release|x64.Build.0 = Release|Any CPU
		{00FEAB65-494C-4824-A866-B4EEAD255EA7}.Release|x86.ActiveCfg = Release|Any CPU
		{00FEAB65-494C-4824-A866-B4EEAD255EA7}.Release|x86.Build.0 = Release|Any CPU
		{888D81BA-FD97-48A3-908E-8EB321A4EB03}.Debug|Any CPU.ActiveCfg = Debug|Any CPU
		{888D81BA-FD97-48A3-908E-8EB321A4EB03}.Debug|Any CPU.Build.0 = Debug|Any CPU
		{888D81BA-FD97-48A3-908E-8EB321A4EB03}.Debug|x64.ActiveCfg = Debug|Any CPU
		{888D81BA-FD97-48A3-908E-8EB321A4EB03}.Debug|x64.Build.0 = Debug|Any CPU
		{888D81BA-FD97-48A3-908E-8EB321A4EB03}.Debug|x86.ActiveCfg = Debug|Any CPU
		{888D81BA-FD97-48A3-908E-8EB321A4EB03}.Debug|x86.Build.0 = Debug|Any CPU
		{888D81BA-FD97-48A3-908E-8EB321A4EB03}.Release|Any CPU.ActiveCfg = Release|Any CPU
		{888D81BA-FD97-48A3-908E-8EB321A4EB03}.Release|Any CPU.Build.0 = Release|Any CPU
		{888D81BA-FD97-48A3-908E-8EB321A4EB03}.Release|x64.ActiveCfg = Release|Any CPU
		{888D81BA-FD97-48A3-908E-8EB321A4EB03}.Release|x64.Build.0 = Release|Any CPU
		{888D81BA-FD97-48A3-908E-8EB321A4EB03}.Release|x86.ActiveCfg = Release|Any CPU
		{888D81BA-FD97-48A3-908E-8EB321A4EB03}.Release|x86.Build.0 = Release|Any CPU
		{8D85A971-98F3-46A3-9051-68745367E477}.Debug|Any CPU.ActiveCfg = Debug|Any CPU
		{8D85A971-98F3-46A3-9051-68745367E477}.Debug|Any CPU.Build.0 = Debug|Any CPU
		{8D85A971-98F3-46A3-9051-68745367E477}.Debug|x64.ActiveCfg = Debug|Any CPU
		{8D85A971-98F3-46A3-9051-68745367E477}.Debug|x64.Build.0 = Debug|Any CPU
		{8D85A971-98F3-46A3-9051-68745367E477}.Debug|x86.ActiveCfg = Debug|Any CPU
		{8D85A971-98F3-46A3-9051-68745367E477}.Debug|x86.Build.0 = Debug|Any CPU
		{8D85A971-98F3-46A3-9051-68745367E477}.Release|Any CPU.ActiveCfg = Release|Any CPU
		{8D85A971-98F3-46A3-9051-68745367E477}.Release|Any CPU.Build.0 = Release|Any CPU
		{8D85A971-98F3-46A3-9051-68745367E477}.Release|x64.ActiveCfg = Release|Any CPU
		{8D85A971-98F3-46A3-9051-68745367E477}.Release|x64.Build.0 = Release|Any CPU
		{8D85A971-98F3-46A3-9051-68745367E477}.Release|x86.ActiveCfg = Release|Any CPU
		{8D85A971-98F3-46A3-9051-68745367E477}.Release|x86.Build.0 = Release|Any CPU
		{DF3E2C07-DE81-4CEE-9BC8-A8035DC903C3}.Debug|Any CPU.ActiveCfg = Debug|Any CPU
		{DF3E2C07-DE81-4CEE-9BC8-A8035DC903C3}.Debug|Any CPU.Build.0 = Debug|Any CPU
		{DF3E2C07-DE81-4CEE-9BC8-A8035DC903C3}.Debug|x64.ActiveCfg = Debug|Any CPU
		{DF3E2C07-DE81-4CEE-9BC8-A8035DC903C3}.Debug|x64.Build.0 = Debug|Any CPU
		{DF3E2C07-DE81-4CEE-9BC8-A8035DC903C3}.Debug|x86.ActiveCfg = Debug|Any CPU
		{DF3E2C07-DE81-4CEE-9BC8-A8035DC903C3}.Debug|x86.Build.0 = Debug|Any CPU
		{DF3E2C07-DE81-4CEE-9BC8-A8035DC903C3}.Release|Any CPU.ActiveCfg = Release|Any CPU
		{DF3E2C07-DE81-4CEE-9BC8-A8035DC903C3}.Release|Any CPU.Build.0 = Release|Any CPU
		{DF3E2C07-DE81-4CEE-9BC8-A8035DC903C3}.Release|x64.ActiveCfg = Release|Any CPU
		{DF3E2C07-DE81-4CEE-9BC8-A8035DC903C3}.Release|x64.Build.0 = Release|Any CPU
		{DF3E2C07-DE81-4CEE-9BC8-A8035DC903C3}.Release|x86.ActiveCfg = Release|Any CPU
		{DF3E2C07-DE81-4CEE-9BC8-A8035DC903C3}.Release|x86.Build.0 = Release|Any CPU
		{588E6C02-431D-4770-B085-CF51D44BB444}.Debug|Any CPU.ActiveCfg = Debug|Any CPU
		{588E6C02-431D-4770-B085-CF51D44BB444}.Debug|Any CPU.Build.0 = Debug|Any CPU
		{588E6C02-431D-4770-B085-CF51D44BB444}.Debug|x64.ActiveCfg = Debug|Any CPU
		{588E6C02-431D-4770-B085-CF51D44BB444}.Debug|x64.Build.0 = Debug|Any CPU
		{588E6C02-431D-4770-B085-CF51D44BB444}.Debug|x86.ActiveCfg = Debug|Any CPU
		{588E6C02-431D-4770-B085-CF51D44BB444}.Debug|x86.Build.0 = Debug|Any CPU
		{588E6C02-431D-4770-B085-CF51D44BB444}.Release|Any CPU.ActiveCfg = Release|Any CPU
		{588E6C02-431D-4770-B085-CF51D44BB444}.Release|Any CPU.Build.0 = Release|Any CPU
		{588E6C02-431D-4770-B085-CF51D44BB444}.Release|x64.ActiveCfg = Release|Any CPU
		{588E6C02-431D-4770-B085-CF51D44BB444}.Release|x64.Build.0 = Release|Any CPU
		{588E6C02-431D-4770-B085-CF51D44BB444}.Release|x86.ActiveCfg = Release|Any CPU
		{588E6C02-431D-4770-B085-CF51D44BB444}.Release|x86.Build.0 = Release|Any CPU
		{08F142FA-C74D-45F7-9414-3BB3A1FF2912}.Debug|Any CPU.ActiveCfg = Debug|Any CPU
		{08F142FA-C74D-45F7-9414-3BB3A1FF2912}.Debug|Any CPU.Build.0 = Debug|Any CPU
		{08F142FA-C74D-45F7-9414-3BB3A1FF2912}.Debug|x64.ActiveCfg = Debug|Any CPU
		{08F142FA-C74D-45F7-9414-3BB3A1FF2912}.Debug|x64.Build.0 = Debug|Any CPU
		{08F142FA-C74D-45F7-9414-3BB3A1FF2912}.Debug|x86.ActiveCfg = Debug|Any CPU
		{08F142FA-C74D-45F7-9414-3BB3A1FF2912}.Debug|x86.Build.0 = Debug|Any CPU
		{08F142FA-C74D-45F7-9414-3BB3A1FF2912}.Release|Any CPU.ActiveCfg = Release|Any CPU
		{08F142FA-C74D-45F7-9414-3BB3A1FF2912}.Release|Any CPU.Build.0 = Release|Any CPU
		{08F142FA-C74D-45F7-9414-3BB3A1FF2912}.Release|x64.ActiveCfg = Release|Any CPU
		{08F142FA-C74D-45F7-9414-3BB3A1FF2912}.Release|x64.Build.0 = Release|Any CPU
		{08F142FA-C74D-45F7-9414-3BB3A1FF2912}.Release|x86.ActiveCfg = Release|Any CPU
		{08F142FA-C74D-45F7-9414-3BB3A1FF2912}.Release|x86.Build.0 = Release|Any CPU
		{8BD84BAB-B548-4F57-B3FB-C13D22D6A294}.Debug|Any CPU.ActiveCfg = Debug|Any CPU
		{8BD84BAB-B548-4F57-B3FB-C13D22D6A294}.Debug|Any CPU.Build.0 = Debug|Any CPU
		{8BD84BAB-B548-4F57-B3FB-C13D22D6A294}.Debug|x64.ActiveCfg = Debug|Any CPU
		{8BD84BAB-B548-4F57-B3FB-C13D22D6A294}.Debug|x64.Build.0 = Debug|Any CPU
		{8BD84BAB-B548-4F57-B3FB-C13D22D6A294}.Debug|x86.ActiveCfg = Debug|Any CPU
		{8BD84BAB-B548-4F57-B3FB-C13D22D6A294}.Debug|x86.Build.0 = Debug|Any CPU
		{8BD84BAB-B548-4F57-B3FB-C13D22D6A294}.Release|Any CPU.ActiveCfg = Release|Any CPU
		{8BD84BAB-B548-4F57-B3FB-C13D22D6A294}.Release|Any CPU.Build.0 = Release|Any CPU
		{8BD84BAB-B548-4F57-B3FB-C13D22D6A294}.Release|x64.ActiveCfg = Release|Any CPU
		{8BD84BAB-B548-4F57-B3FB-C13D22D6A294}.Release|x64.Build.0 = Release|Any CPU
		{8BD84BAB-B548-4F57-B3FB-C13D22D6A294}.Release|x86.ActiveCfg = Release|Any CPU
		{8BD84BAB-B548-4F57-B3FB-C13D22D6A294}.Release|x86.Build.0 = Release|Any CPU
		{D553FBA8-95CF-4458-A2AC-938DD7696CC1}.Debug|Any CPU.ActiveCfg = Debug|Any CPU
		{D553FBA8-95CF-4458-A2AC-938DD7696CC1}.Debug|Any CPU.Build.0 = Debug|Any CPU
		{D553FBA8-95CF-4458-A2AC-938DD7696CC1}.Debug|x64.ActiveCfg = Debug|Any CPU
		{D553FBA8-95CF-4458-A2AC-938DD7696CC1}.Debug|x64.Build.0 = Debug|Any CPU
		{D553FBA8-95CF-4458-A2AC-938DD7696CC1}.Debug|x86.ActiveCfg = Debug|Any CPU
		{D553FBA8-95CF-4458-A2AC-938DD7696CC1}.Debug|x86.Build.0 = Debug|Any CPU
		{D553FBA8-95CF-4458-A2AC-938DD7696CC1}.Release|Any CPU.ActiveCfg = Release|Any CPU
		{D553FBA8-95CF-4458-A2AC-938DD7696CC1}.Release|Any CPU.Build.0 = Release|Any CPU
		{D553FBA8-95CF-4458-A2AC-938DD7696CC1}.Release|x64.ActiveCfg = Release|Any CPU
		{D553FBA8-95CF-4458-A2AC-938DD7696CC1}.Release|x64.Build.0 = Release|Any CPU
		{D553FBA8-95CF-4458-A2AC-938DD7696CC1}.Release|x86.ActiveCfg = Release|Any CPU
		{D553FBA8-95CF-4458-A2AC-938DD7696CC1}.Release|x86.Build.0 = Release|Any CPU
		{D180EA6D-6025-43EE-8F70-B966D31A95A2}.Debug|Any CPU.ActiveCfg = Debug|Any CPU
		{D180EA6D-6025-43EE-8F70-B966D31A95A2}.Debug|Any CPU.Build.0 = Debug|Any CPU
		{D180EA6D-6025-43EE-8F70-B966D31A95A2}.Debug|x64.ActiveCfg = Debug|Any CPU
		{D180EA6D-6025-43EE-8F70-B966D31A95A2}.Debug|x64.Build.0 = Debug|Any CPU
		{D180EA6D-6025-43EE-8F70-B966D31A95A2}.Debug|x86.ActiveCfg = Debug|Any CPU
		{D180EA6D-6025-43EE-8F70-B966D31A95A2}.Debug|x86.Build.0 = Debug|Any CPU
		{D180EA6D-6025-43EE-8F70-B966D31A95A2}.Release|Any CPU.ActiveCfg = Release|Any CPU
		{D180EA6D-6025-43EE-8F70-B966D31A95A2}.Release|Any CPU.Build.0 = Release|Any CPU
		{D180EA6D-6025-43EE-8F70-B966D31A95A2}.Release|x64.ActiveCfg = Release|Any CPU
		{D180EA6D-6025-43EE-8F70-B966D31A95A2}.Release|x64.Build.0 = Release|Any CPU
		{D180EA6D-6025-43EE-8F70-B966D31A95A2}.Release|x86.ActiveCfg = Release|Any CPU
		{D180EA6D-6025-43EE-8F70-B966D31A95A2}.Release|x86.Build.0 = Release|Any CPU
		{C67CC3C5-FE01-4A00-A234-561F59355328}.Debug|Any CPU.ActiveCfg = Debug|Any CPU
		{C67CC3C5-FE01-4A00-A234-561F59355328}.Debug|Any CPU.Build.0 = Debug|Any CPU
		{C67CC3C5-FE01-4A00-A234-561F59355328}.Debug|x64.ActiveCfg = Debug|Any CPU
		{C67CC3C5-FE01-4A00-A234-561F59355328}.Debug|x64.Build.0 = Debug|Any CPU
		{C67CC3C5-FE01-4A00-A234-561F59355328}.Debug|x86.ActiveCfg = Debug|Any CPU
		{C67CC3C5-FE01-4A00-A234-561F59355328}.Debug|x86.Build.0 = Debug|Any CPU
		{C67CC3C5-FE01-4A00-A234-561F59355328}.Release|Any CPU.ActiveCfg = Release|Any CPU
		{C67CC3C5-FE01-4A00-A234-561F59355328}.Release|Any CPU.Build.0 = Release|Any CPU
		{C67CC3C5-FE01-4A00-A234-561F59355328}.Release|x64.ActiveCfg = Release|Any CPU
		{C67CC3C5-FE01-4A00-A234-561F59355328}.Release|x64.Build.0 = Release|Any CPU
		{C67CC3C5-FE01-4A00-A234-561F59355328}.Release|x86.ActiveCfg = Release|Any CPU
		{C67CC3C5-FE01-4A00-A234-561F59355328}.Release|x86.Build.0 = Release|Any CPU
		{C662EE45-9E82-4BBF-93A8-F67F297A9D23}.Debug|Any CPU.ActiveCfg = Debug|Any CPU
		{C662EE45-9E82-4BBF-93A8-F67F297A9D23}.Debug|Any CPU.Build.0 = Debug|Any CPU
		{C662EE45-9E82-4BBF-93A8-F67F297A9D23}.Debug|x64.ActiveCfg = Debug|Any CPU
		{C662EE45-9E82-4BBF-93A8-F67F297A9D23}.Debug|x64.Build.0 = Debug|Any CPU
		{C662EE45-9E82-4BBF-93A8-F67F297A9D23}.Debug|x86.ActiveCfg = Debug|Any CPU
		{C662EE45-9E82-4BBF-93A8-F67F297A9D23}.Debug|x86.Build.0 = Debug|Any CPU
		{C662EE45-9E82-4BBF-93A8-F67F297A9D23}.Release|Any CPU.ActiveCfg = Release|Any CPU
		{C662EE45-9E82-4BBF-93A8-F67F297A9D23}.Release|Any CPU.Build.0 = Release|Any CPU
		{C662EE45-9E82-4BBF-93A8-F67F297A9D23}.Release|x64.ActiveCfg = Release|Any CPU
		{C662EE45-9E82-4BBF-93A8-F67F297A9D23}.Release|x64.Build.0 = Release|Any CPU
		{C662EE45-9E82-4BBF-93A8-F67F297A9D23}.Release|x86.ActiveCfg = Release|Any CPU
		{C662EE45-9E82-4BBF-93A8-F67F297A9D23}.Release|x86.Build.0 = Release|Any CPU
		{A16C456B-10CF-40F7-A847-949D20B1CCE6}.Debug|Any CPU.ActiveCfg = Debug|Any CPU
		{A16C456B-10CF-40F7-A847-949D20B1CCE6}.Debug|Any CPU.Build.0 = Debug|Any CPU
		{A16C456B-10CF-40F7-A847-949D20B1CCE6}.Debug|x64.ActiveCfg = Debug|Any CPU
		{A16C456B-10CF-40F7-A847-949D20B1CCE6}.Debug|x64.Build.0 = Debug|Any CPU
		{A16C456B-10CF-40F7-A847-949D20B1CCE6}.Debug|x86.ActiveCfg = Debug|Any CPU
		{A16C456B-10CF-40F7-A847-949D20B1CCE6}.Debug|x86.Build.0 = Debug|Any CPU
		{A16C456B-10CF-40F7-A847-949D20B1CCE6}.Release|Any CPU.ActiveCfg = Release|Any CPU
		{A16C456B-10CF-40F7-A847-949D20B1CCE6}.Release|Any CPU.Build.0 = Release|Any CPU
		{A16C456B-10CF-40F7-A847-949D20B1CCE6}.Release|x64.ActiveCfg = Release|Any CPU
		{A16C456B-10CF-40F7-A847-949D20B1CCE6}.Release|x64.Build.0 = Release|Any CPU
		{A16C456B-10CF-40F7-A847-949D20B1CCE6}.Release|x86.ActiveCfg = Release|Any CPU
		{A16C456B-10CF-40F7-A847-949D20B1CCE6}.Release|x86.Build.0 = Release|Any CPU
		{5E382B87-F515-465A-ACB9-73F34E2C976E}.Debug|Any CPU.ActiveCfg = Debug|Any CPU
		{5E382B87-F515-465A-ACB9-73F34E2C976E}.Debug|Any CPU.Build.0 = Debug|Any CPU
		{5E382B87-F515-465A-ACB9-73F34E2C976E}.Debug|x64.ActiveCfg = Debug|Any CPU
		{5E382B87-F515-465A-ACB9-73F34E2C976E}.Debug|x64.Build.0 = Debug|Any CPU
		{5E382B87-F515-465A-ACB9-73F34E2C976E}.Debug|x86.ActiveCfg = Debug|Any CPU
		{5E382B87-F515-465A-ACB9-73F34E2C976E}.Debug|x86.Build.0 = Debug|Any CPU
		{5E382B87-F515-465A-ACB9-73F34E2C976E}.Release|Any CPU.ActiveCfg = Release|Any CPU
		{5E382B87-F515-465A-ACB9-73F34E2C976E}.Release|Any CPU.Build.0 = Release|Any CPU
		{5E382B87-F515-465A-ACB9-73F34E2C976E}.Release|x64.ActiveCfg = Release|Any CPU
		{5E382B87-F515-465A-ACB9-73F34E2C976E}.Release|x64.Build.0 = Release|Any CPU
		{5E382B87-F515-465A-ACB9-73F34E2C976E}.Release|x86.ActiveCfg = Release|Any CPU
		{5E382B87-F515-465A-ACB9-73F34E2C976E}.Release|x86.Build.0 = Release|Any CPU
		{61929C95-C6A6-459F-8598-3758105E3A3D}.Debug|Any CPU.ActiveCfg = Debug|Any CPU
		{61929C95-C6A6-459F-8598-3758105E3A3D}.Debug|Any CPU.Build.0 = Debug|Any CPU
		{61929C95-C6A6-459F-8598-3758105E3A3D}.Debug|x64.ActiveCfg = Debug|Any CPU
		{61929C95-C6A6-459F-8598-3758105E3A3D}.Debug|x64.Build.0 = Debug|Any CPU
		{61929C95-C6A6-459F-8598-3758105E3A3D}.Debug|x86.ActiveCfg = Debug|Any CPU
		{61929C95-C6A6-459F-8598-3758105E3A3D}.Debug|x86.Build.0 = Debug|Any CPU
		{61929C95-C6A6-459F-8598-3758105E3A3D}.Release|Any CPU.ActiveCfg = Release|Any CPU
		{61929C95-C6A6-459F-8598-3758105E3A3D}.Release|Any CPU.Build.0 = Release|Any CPU
		{61929C95-C6A6-459F-8598-3758105E3A3D}.Release|x64.ActiveCfg = Release|Any CPU
		{61929C95-C6A6-459F-8598-3758105E3A3D}.Release|x64.Build.0 = Release|Any CPU
		{61929C95-C6A6-459F-8598-3758105E3A3D}.Release|x86.ActiveCfg = Release|Any CPU
		{61929C95-C6A6-459F-8598-3758105E3A3D}.Release|x86.Build.0 = Release|Any CPU
		{7AE973AD-F56A-4F02-A269-4C0C7D1CC39A}.Debug|Any CPU.ActiveCfg = Debug|Any CPU
		{7AE973AD-F56A-4F02-A269-4C0C7D1CC39A}.Debug|Any CPU.Build.0 = Debug|Any CPU
		{7AE973AD-F56A-4F02-A269-4C0C7D1CC39A}.Debug|x64.ActiveCfg = Debug|Any CPU
		{7AE973AD-F56A-4F02-A269-4C0C7D1CC39A}.Debug|x64.Build.0 = Debug|Any CPU
		{7AE973AD-F56A-4F02-A269-4C0C7D1CC39A}.Debug|x86.ActiveCfg = Debug|Any CPU
		{7AE973AD-F56A-4F02-A269-4C0C7D1CC39A}.Debug|x86.Build.0 = Debug|Any CPU
		{7AE973AD-F56A-4F02-A269-4C0C7D1CC39A}.Release|Any CPU.ActiveCfg = Release|Any CPU
		{7AE973AD-F56A-4F02-A269-4C0C7D1CC39A}.Release|Any CPU.Build.0 = Release|Any CPU
		{7AE973AD-F56A-4F02-A269-4C0C7D1CC39A}.Release|x64.ActiveCfg = Release|Any CPU
		{7AE973AD-F56A-4F02-A269-4C0C7D1CC39A}.Release|x64.Build.0 = Release|Any CPU
		{7AE973AD-F56A-4F02-A269-4C0C7D1CC39A}.Release|x86.ActiveCfg = Release|Any CPU
		{7AE973AD-F56A-4F02-A269-4C0C7D1CC39A}.Release|x86.Build.0 = Release|Any CPU
		{7AE6E4D4-720C-4499-9310-5FEB2BE26AFD}.Debug|Any CPU.ActiveCfg = Debug|Any CPU
		{7AE6E4D4-720C-4499-9310-5FEB2BE26AFD}.Debug|Any CPU.Build.0 = Debug|Any CPU
		{7AE6E4D4-720C-4499-9310-5FEB2BE26AFD}.Debug|x64.ActiveCfg = Debug|Any CPU
		{7AE6E4D4-720C-4499-9310-5FEB2BE26AFD}.Debug|x64.Build.0 = Debug|Any CPU
		{7AE6E4D4-720C-4499-9310-5FEB2BE26AFD}.Debug|x86.ActiveCfg = Debug|Any CPU
		{7AE6E4D4-720C-4499-9310-5FEB2BE26AFD}.Debug|x86.Build.0 = Debug|Any CPU
		{7AE6E4D4-720C-4499-9310-5FEB2BE26AFD}.Release|Any CPU.ActiveCfg = Release|Any CPU
		{7AE6E4D4-720C-4499-9310-5FEB2BE26AFD}.Release|Any CPU.Build.0 = Release|Any CPU
		{7AE6E4D4-720C-4499-9310-5FEB2BE26AFD}.Release|x64.ActiveCfg = Release|Any CPU
		{7AE6E4D4-720C-4499-9310-5FEB2BE26AFD}.Release|x64.Build.0 = Release|Any CPU
		{7AE6E4D4-720C-4499-9310-5FEB2BE26AFD}.Release|x86.ActiveCfg = Release|Any CPU
		{7AE6E4D4-720C-4499-9310-5FEB2BE26AFD}.Release|x86.Build.0 = Release|Any CPU
		{F5EF20E7-303C-49CC-AA1A-3336ADC6AB8A}.Debug|Any CPU.ActiveCfg = Debug|Any CPU
		{F5EF20E7-303C-49CC-AA1A-3336ADC6AB8A}.Debug|Any CPU.Build.0 = Debug|Any CPU
		{F5EF20E7-303C-49CC-AA1A-3336ADC6AB8A}.Debug|x64.ActiveCfg = Debug|Any CPU
		{F5EF20E7-303C-49CC-AA1A-3336ADC6AB8A}.Debug|x64.Build.0 = Debug|Any CPU
		{F5EF20E7-303C-49CC-AA1A-3336ADC6AB8A}.Debug|x86.ActiveCfg = Debug|Any CPU
		{F5EF20E7-303C-49CC-AA1A-3336ADC6AB8A}.Debug|x86.Build.0 = Debug|Any CPU
		{F5EF20E7-303C-49CC-AA1A-3336ADC6AB8A}.Release|Any CPU.ActiveCfg = Release|Any CPU
		{F5EF20E7-303C-49CC-AA1A-3336ADC6AB8A}.Release|Any CPU.Build.0 = Release|Any CPU
		{F5EF20E7-303C-49CC-AA1A-3336ADC6AB8A}.Release|x64.ActiveCfg = Release|Any CPU
		{F5EF20E7-303C-49CC-AA1A-3336ADC6AB8A}.Release|x64.Build.0 = Release|Any CPU
		{F5EF20E7-303C-49CC-AA1A-3336ADC6AB8A}.Release|x86.ActiveCfg = Release|Any CPU
		{F5EF20E7-303C-49CC-AA1A-3336ADC6AB8A}.Release|x86.Build.0 = Release|Any CPU
		{DEA17958-8D21-4D3C-9BC8-6F559166A5CB}.Debug|Any CPU.ActiveCfg = Debug|Any CPU
		{DEA17958-8D21-4D3C-9BC8-6F559166A5CB}.Debug|Any CPU.Build.0 = Debug|Any CPU
		{DEA17958-8D21-4D3C-9BC8-6F559166A5CB}.Debug|x64.ActiveCfg = Debug|Any CPU
		{DEA17958-8D21-4D3C-9BC8-6F559166A5CB}.Debug|x64.Build.0 = Debug|Any CPU
		{DEA17958-8D21-4D3C-9BC8-6F559166A5CB}.Debug|x86.ActiveCfg = Debug|Any CPU
		{DEA17958-8D21-4D3C-9BC8-6F559166A5CB}.Debug|x86.Build.0 = Debug|Any CPU
		{DEA17958-8D21-4D3C-9BC8-6F559166A5CB}.Release|Any CPU.ActiveCfg = Release|Any CPU
		{DEA17958-8D21-4D3C-9BC8-6F559166A5CB}.Release|Any CPU.Build.0 = Release|Any CPU
		{DEA17958-8D21-4D3C-9BC8-6F559166A5CB}.Release|x64.ActiveCfg = Release|Any CPU
		{DEA17958-8D21-4D3C-9BC8-6F559166A5CB}.Release|x64.Build.0 = Release|Any CPU
		{DEA17958-8D21-4D3C-9BC8-6F559166A5CB}.Release|x86.ActiveCfg = Release|Any CPU
		{DEA17958-8D21-4D3C-9BC8-6F559166A5CB}.Release|x86.Build.0 = Release|Any CPU
		{8D06E1B7-6B7B-485B-90F3-F2977A636CDD}.Debug|Any CPU.ActiveCfg = Debug|Any CPU
		{8D06E1B7-6B7B-485B-90F3-F2977A636CDD}.Debug|Any CPU.Build.0 = Debug|Any CPU
		{8D06E1B7-6B7B-485B-90F3-F2977A636CDD}.Debug|x64.ActiveCfg = Debug|Any CPU
		{8D06E1B7-6B7B-485B-90F3-F2977A636CDD}.Debug|x64.Build.0 = Debug|Any CPU
		{8D06E1B7-6B7B-485B-90F3-F2977A636CDD}.Debug|x86.ActiveCfg = Debug|Any CPU
		{8D06E1B7-6B7B-485B-90F3-F2977A636CDD}.Debug|x86.Build.0 = Debug|Any CPU
		{8D06E1B7-6B7B-485B-90F3-F2977A636CDD}.Release|Any CPU.ActiveCfg = Release|Any CPU
		{8D06E1B7-6B7B-485B-90F3-F2977A636CDD}.Release|Any CPU.Build.0 = Release|Any CPU
		{8D06E1B7-6B7B-485B-90F3-F2977A636CDD}.Release|x64.ActiveCfg = Release|Any CPU
		{8D06E1B7-6B7B-485B-90F3-F2977A636CDD}.Release|x64.Build.0 = Release|Any CPU
		{8D06E1B7-6B7B-485B-90F3-F2977A636CDD}.Release|x86.ActiveCfg = Release|Any CPU
		{8D06E1B7-6B7B-485B-90F3-F2977A636CDD}.Release|x86.Build.0 = Release|Any CPU
		{FE337A5F-C22C-43A6-9BEB-6A7209C2A153}.Debug|Any CPU.ActiveCfg = Debug|Any CPU
		{FE337A5F-C22C-43A6-9BEB-6A7209C2A153}.Debug|Any CPU.Build.0 = Debug|Any CPU
		{FE337A5F-C22C-43A6-9BEB-6A7209C2A153}.Debug|x64.ActiveCfg = Debug|Any CPU
		{FE337A5F-C22C-43A6-9BEB-6A7209C2A153}.Debug|x64.Build.0 = Debug|Any CPU
		{FE337A5F-C22C-43A6-9BEB-6A7209C2A153}.Debug|x86.ActiveCfg = Debug|Any CPU
		{FE337A5F-C22C-43A6-9BEB-6A7209C2A153}.Debug|x86.Build.0 = Debug|Any CPU
		{FE337A5F-C22C-43A6-9BEB-6A7209C2A153}.Release|Any CPU.ActiveCfg = Release|Any CPU
		{FE337A5F-C22C-43A6-9BEB-6A7209C2A153}.Release|Any CPU.Build.0 = Release|Any CPU
		{FE337A5F-C22C-43A6-9BEB-6A7209C2A153}.Release|x64.ActiveCfg = Release|Any CPU
		{FE337A5F-C22C-43A6-9BEB-6A7209C2A153}.Release|x64.Build.0 = Release|Any CPU
		{FE337A5F-C22C-43A6-9BEB-6A7209C2A153}.Release|x86.ActiveCfg = Release|Any CPU
		{FE337A5F-C22C-43A6-9BEB-6A7209C2A153}.Release|x86.Build.0 = Release|Any CPU
		{A292DE8A-CAD8-42D3-B8F0-2E61D115ED20}.Debug|Any CPU.ActiveCfg = Debug|Any CPU
		{A292DE8A-CAD8-42D3-B8F0-2E61D115ED20}.Debug|Any CPU.Build.0 = Debug|Any CPU
		{A292DE8A-CAD8-42D3-B8F0-2E61D115ED20}.Debug|x64.ActiveCfg = Debug|Any CPU
		{A292DE8A-CAD8-42D3-B8F0-2E61D115ED20}.Debug|x64.Build.0 = Debug|Any CPU
		{A292DE8A-CAD8-42D3-B8F0-2E61D115ED20}.Debug|x86.ActiveCfg = Debug|Any CPU
		{A292DE8A-CAD8-42D3-B8F0-2E61D115ED20}.Debug|x86.Build.0 = Debug|Any CPU
		{A292DE8A-CAD8-42D3-B8F0-2E61D115ED20}.Release|Any CPU.ActiveCfg = Release|Any CPU
		{A292DE8A-CAD8-42D3-B8F0-2E61D115ED20}.Release|Any CPU.Build.0 = Release|Any CPU
		{A292DE8A-CAD8-42D3-B8F0-2E61D115ED20}.Release|x64.ActiveCfg = Release|Any CPU
		{A292DE8A-CAD8-42D3-B8F0-2E61D115ED20}.Release|x64.Build.0 = Release|Any CPU
		{A292DE8A-CAD8-42D3-B8F0-2E61D115ED20}.Release|x86.ActiveCfg = Release|Any CPU
		{A292DE8A-CAD8-42D3-B8F0-2E61D115ED20}.Release|x86.Build.0 = Release|Any CPU
		{D6248509-57C4-4BB0-98A0-75D4200E2F83}.Debug|Any CPU.ActiveCfg = Debug|Any CPU
		{D6248509-57C4-4BB0-98A0-75D4200E2F83}.Debug|Any CPU.Build.0 = Debug|Any CPU
		{D6248509-57C4-4BB0-98A0-75D4200E2F83}.Debug|x64.ActiveCfg = Debug|Any CPU
		{D6248509-57C4-4BB0-98A0-75D4200E2F83}.Debug|x64.Build.0 = Debug|Any CPU
		{D6248509-57C4-4BB0-98A0-75D4200E2F83}.Debug|x86.ActiveCfg = Debug|Any CPU
		{D6248509-57C4-4BB0-98A0-75D4200E2F83}.Debug|x86.Build.0 = Debug|Any CPU
		{D6248509-57C4-4BB0-98A0-75D4200E2F83}.Release|Any CPU.ActiveCfg = Release|Any CPU
		{D6248509-57C4-4BB0-98A0-75D4200E2F83}.Release|Any CPU.Build.0 = Release|Any CPU
		{D6248509-57C4-4BB0-98A0-75D4200E2F83}.Release|x64.ActiveCfg = Release|Any CPU
		{D6248509-57C4-4BB0-98A0-75D4200E2F83}.Release|x64.Build.0 = Release|Any CPU
		{D6248509-57C4-4BB0-98A0-75D4200E2F83}.Release|x86.ActiveCfg = Release|Any CPU
		{D6248509-57C4-4BB0-98A0-75D4200E2F83}.Release|x86.Build.0 = Release|Any CPU
	EndGlobalSection
	GlobalSection(SolutionProperties) = preSolution
		HideSolutionNode = FALSE
	EndGlobalSection
	GlobalSection(NestedProjects) = preSolution
		{A4CCB4EB-D272-4508-BC19-B2284C645C62} = {827E0CD3-B72D-47B6-A68D-7590B98EB39B}
		{221182C8-C89A-4507-A20E-F8326999BB4D} = {827E0CD3-B72D-47B6-A68D-7590B98EB39B}
		{15CDD918-FFCB-4794-887F-E76942CF33CC} = {827E0CD3-B72D-47B6-A68D-7590B98EB39B}
		{0274C997-7A6F-4E0C-87F2-F1E2CE235B51} = {827E0CD3-B72D-47B6-A68D-7590B98EB39B}
		{2B4AD5C9-5428-4D27-8D52-7DDA5953FE13} = {827E0CD3-B72D-47B6-A68D-7590B98EB39B}
		{4495B002-BD63-402B-AD90-0A43C67CA0FE} = {0AB3BF05-4346-4AA6-1389-037BE0695223}
		{C27BDFC8-6957-4BAD-AF56-8673F2CACE2F} = {0AB3BF05-4346-4AA6-1389-037BE0695223}
		{85F909CB-8F14-ECC8-BA9D-713D1771907F} = {827E0CD3-B72D-47B6-A68D-7590B98EB39B}
		{E9B17B0A-16AF-446C-8CC7-031E508E16B7} = {85F909CB-8F14-ECC8-BA9D-713D1771907F}
		{5BF29461-A20F-458B-80F7-29CC22646473} = {85F909CB-8F14-ECC8-BA9D-713D1771907F}
		{EBCF8AD7-6142-4B3C-BB7D-005C35D2E354} = {85F909CB-8F14-ECC8-BA9D-713D1771907F}
		{EC447DCF-ABFA-6E24-52A5-D7FD48A5C558} = {827E0CD3-B72D-47B6-A68D-7590B98EB39B}
		{0EC62A1A-9858-3A60-8A0C-FC9AACFA2EC7} = {EC447DCF-ABFA-6E24-52A5-D7FD48A5C558}
		{88E24ACE-D9DE-4B70-949D-3D06FB7EF577} = {0EC62A1A-9858-3A60-8A0C-FC9AACFA2EC7}
		{A0ED9A37-4DD5-4D8A-BBC0-0AACD86B17AE} = {0EC62A1A-9858-3A60-8A0C-FC9AACFA2EC7}
		{00FEAB65-494C-4824-A866-B4EEAD255EA7} = {0EC62A1A-9858-3A60-8A0C-FC9AACFA2EC7}
		{888D81BA-FD97-48A3-908E-8EB321A4EB03} = {0EC62A1A-9858-3A60-8A0C-FC9AACFA2EC7}
		{397E7A55-D285-C515-153E-84DDD2B9FF92} = {EC447DCF-ABFA-6E24-52A5-D7FD48A5C558}
		{8D85A971-98F3-46A3-9051-68745367E477} = {397E7A55-D285-C515-153E-84DDD2B9FF92}
		{DF3E2C07-DE81-4CEE-9BC8-A8035DC903C3} = {397E7A55-D285-C515-153E-84DDD2B9FF92}
		{588E6C02-431D-4770-B085-CF51D44BB444} = {397E7A55-D285-C515-153E-84DDD2B9FF92}
		{08F142FA-C74D-45F7-9414-3BB3A1FF2912} = {397E7A55-D285-C515-153E-84DDD2B9FF92}
		{A5D54538-AA61-9A81-6E57-F96366FFCD0F} = {EC447DCF-ABFA-6E24-52A5-D7FD48A5C558}
		{8BD84BAB-B548-4F57-B3FB-C13D22D6A294} = {A5D54538-AA61-9A81-6E57-F96366FFCD0F}
		{D553FBA8-95CF-4458-A2AC-938DD7696CC1} = {A5D54538-AA61-9A81-6E57-F96366FFCD0F}
		{D180EA6D-6025-43EE-8F70-B966D31A95A2} = {A5D54538-AA61-9A81-6E57-F96366FFCD0F}
		{C67CC3C5-FE01-4A00-A234-561F59355328} = {A5D54538-AA61-9A81-6E57-F96366FFCD0F}
		{6ED9ECEC-DB4A-1AA3-64AA-7652F389603F} = {EC447DCF-ABFA-6E24-52A5-D7FD48A5C558}
		{C662EE45-9E82-4BBF-93A8-F67F297A9D23} = {6ED9ECEC-DB4A-1AA3-64AA-7652F389603F}
		{A16C456B-10CF-40F7-A847-949D20B1CCE6} = {6ED9ECEC-DB4A-1AA3-64AA-7652F389603F}
		{5E382B87-F515-465A-ACB9-73F34E2C976E} = {6ED9ECEC-DB4A-1AA3-64AA-7652F389603F}
		{61929C95-C6A6-459F-8598-3758105E3A3D} = {6ED9ECEC-DB4A-1AA3-64AA-7652F389603F}
		{470E524C-D01F-0C6A-C058-C7A928392357} = {EC447DCF-ABFA-6E24-52A5-D7FD48A5C558}
		{7AE973AD-F56A-4F02-A269-4C0C7D1CC39A} = {470E524C-D01F-0C6A-C058-C7A928392357}
		{7AE6E4D4-720C-4499-9310-5FEB2BE26AFD} = {470E524C-D01F-0C6A-C058-C7A928392357}
		{F5EF20E7-303C-49CC-AA1A-3336ADC6AB8A} = {470E524C-D01F-0C6A-C058-C7A928392357}
		{DEA17958-8D21-4D3C-9BC8-6F559166A5CB} = {470E524C-D01F-0C6A-C058-C7A928392357}
		{DE9DAF8A-E684-0FD3-FFDC-40D3E3158533} = {EC447DCF-ABFA-6E24-52A5-D7FD48A5C558}
		{8D06E1B7-6B7B-485B-90F3-F2977A636CDD} = {DE9DAF8A-E684-0FD3-FFDC-40D3E3158533}
		{FE337A5F-C22C-43A6-9BEB-6A7209C2A153} = {DE9DAF8A-E684-0FD3-FFDC-40D3E3158533}
		{A292DE8A-CAD8-42D3-B8F0-2E61D115ED20} = {DE9DAF8A-E684-0FD3-FFDC-40D3E3158533}
		{D6248509-57C4-4BB0-98A0-75D4200E2F83} = {827E0CD3-B72D-47B6-A68D-7590B98EB39B}
	EndGlobalSection
EndGlobal
